
Microsoft Visual Studio Solution File, Format Version 12.00
# Visual Studio Version 17
VisualStudioVersion = 17.13.35818.85 d17.13
MinimumVisualStudioVersion = 10.0.40219.1
Project("{FAE04EC0-301F-11D3-BF4B-00C04F79EFBC}") = "Homework made in class ;)", "Homework made in class ;).csproj", "{0F1120BE-C41A-4090-9035-2C468FCD27CB}"
EndProject
Global
	GlobalSection(SolutionConfigurationPlatforms) = preSolution
		Debug|Any CPU = Debug|Any CPU
		Release|Any CPU = Release|Any CPU
	EndGlobalSection
	GlobalSection(ProjectConfigurationPlatforms) = postSolution
		{0F1120BE-C41A-4090-9035-2C468FCD27CB}.Debug|Any CPU.ActiveCfg = Debug|Any CPU
		{0F1120BE-C41A-4090-9035-2C468FCD27CB}.Debug|Any CPU.Build.0 = Debug|Any CPU
		{0F1120BE-C41A-4090-9035-2C468FCD27CB}.Release|Any CPU.ActiveCfg = Release|Any CPU
		{0F1120BE-C41A-4090-9035-2C468FCD27CB}.Release|Any CPU.Build.0 = Release|Any CPU
	EndGlobalSection
	GlobalSection(SolutionProperties) = preSolution
		HideSolutionNode = FALSE
	EndGlobalSection
	GlobalSection(ExtensibilityGlobals) = postSolution
		SolutionGuid = {17F116BE-FC80-4CE1-AF28-719728506CA4}
	EndGlobalSection
EndGlobal
