
Microsoft Visual Studio Solution File, Format Version 12.00
# Visual Studio Version 17
VisualStudioVersion = 17.13.35913.81 d17.13
MinimumVisualStudioVersion = 10.0.40219.1
Project("{FAE04EC0-301F-11D3-BF4B-00C04F79EFBC}") = "Movie.RentalApp", "Movie.RentalApp.csproj", "{995CFCE8-EBEF-455A-A044-2A0B6AA8E548}"
EndProject
Project("{FAE04EC0-301F-11D3-BF4B-00C04F79EFBC}") = "RentalApp.Busniss", "..\RentalApp.Busniss\RentalApp.Busniss.csproj", "{B136275F-C43D-4A42-AEE1-606CEDF9C740}"
EndProject
Global
	GlobalSection(SolutionConfigurationPlatforms) = preSolution
		Debug|Any CPU = Debug|Any CPU
		Release|Any CPU = Release|Any CPU
	EndGlobalSection
	GlobalSection(ProjectConfigurationPlatforms) = postSolution
		{995CFCE8-EBEF-455A-A044-2A0B6AA8E548}.Debug|Any CPU.ActiveCfg = Debug|Any CPU
		{995CFCE8-EBEF-455A-A044-2A0B6AA8E548}.Debug|Any CPU.Build.0 = Debug|Any CPU
		{995CFCE8-EBEF-455A-A044-2A0B6AA8E548}.Release|Any CPU.ActiveCfg = Release|Any CPU
		{995CFCE8-EBEF-455A-A044-2A0B6AA8E548}.Release|Any CPU.Build.0 = Release|Any CPU
		{B136275F-C43D-4A42-AEE1-606CEDF9C740}.Debug|Any CPU.ActiveCfg = Debug|Any CPU
		{B136275F-C43D-4A42-AEE1-606CEDF9C740}.Debug|Any CPU.Build.0 = Debug|Any CPU
		{B136275F-C43D-4A42-AEE1-606CEDF9C740}.Release|Any CPU.ActiveCfg = Release|Any CPU
		{B136275F-C43D-4A42-AEE1-606CEDF9C740}.Release|Any CPU.Build.0 = Release|Any CPU
	EndGlobalSection
	GlobalSection(SolutionProperties) = preSolution
		HideSolutionNode = FALSE
	EndGlobalSection
	GlobalSection(ExtensibilityGlobals) = postSolution
		SolutionGuid = {5B8D53C7-BE63-4231-A68F-C06582874630}
	EndGlobalSection
EndGlobal
