
Microsoft Visual Studio Solution File, Format Version 12.00
# Visual Studio Version 17
VisualStudioVersion = 17.13.35825.156 d17.13
MinimumVisualStudioVersion = 10.0.40219.1
Project("{FAE04EC0-301F-11D3-BF4B-00C04F79EFBC}") = "Class05", "Class05.csproj", "{D3FEA853-8662-499A-AB27-601B07459BDE}"
EndProject
Project("{FAE04EC0-301F-11D3-BF4B-00C04F79EFBC}") = "Ex3", "..\Ex3\Ex3.csproj", "{DA898200-CBE9-4DAC-80C7-6785723C3ED9}"
EndProject
Global
	GlobalSection(SolutionConfigurationPlatforms) = preSolution
		Debug|Any CPU = Debug|Any CPU
		Release|Any CPU = Release|Any CPU
	EndGlobalSection
	GlobalSection(ProjectConfigurationPlatforms) = postSolution
		{D3FEA853-8662-499A-AB27-601B07459BDE}.Debug|Any CPU.ActiveCfg = Debug|Any CPU
		{D3FEA853-8662-499A-AB27-601B07459BDE}.Debug|Any CPU.Build.0 = Debug|Any CPU
		{D3FEA853-8662-499A-AB27-601B07459BDE}.Release|Any CPU.ActiveCfg = Release|Any CPU
		{D3FEA853-8662-499A-AB27-601B07459BDE}.Release|Any CPU.Build.0 = Release|Any CPU
		{DA898200-CBE9-4DAC-80C7-6785723C3ED9}.Debug|Any CPU.ActiveCfg = Debug|Any CPU
		{DA898200-CBE9-4DAC-80C7-6785723C3ED9}.Debug|Any CPU.Build.0 = Debug|Any CPU
		{DA898200-CBE9-4DAC-80C7-6785723C3ED9}.Release|Any CPU.ActiveCfg = Release|Any CPU
		{DA898200-CBE9-4DAC-80C7-6785723C3ED9}.Release|Any CPU.Build.0 = Release|Any CPU
	EndGlobalSection
	GlobalSection(SolutionProperties) = preSolution
		HideSolutionNode = FALSE
	EndGlobalSection
	GlobalSection(ExtensibilityGlobals) = postSolution
		SolutionGuid = {5FDBC8D2-88DF-4470-8D4F-2F2323A7B9F6}
	EndGlobalSection
EndGlobal
