
Microsoft Visual Studio Solution File, Format Version 12.00
# Visual Studio Version 17
VisualStudioVersion = 17.13.35818.85 d17.13
MinimumVisualStudioVersion = 10.0.40219.1
Project("{FAE04EC0-301F-11D3-BF4B-00C04F79EFBC}") = "Class03", "Class03.csproj", "{85EDB464-5F4A-4DB7-8453-4FF5C81C7849}"
EndProject
Global
	GlobalSection(SolutionConfigurationPlatforms) = preSolution
		Debug|Any CPU = Debug|Any CPU
		Release|Any CPU = Release|Any CPU
	EndGlobalSection
	GlobalSection(ProjectConfigurationPlatforms) = postSolution
		{85EDB464-5F4A-4DB7-8453-4FF5C81C7849}.Debug|Any CPU.ActiveCfg = Debug|Any CPU
		{85EDB464-5F4A-4DB7-8453-4FF5C81C7849}.Debug|Any CPU.Build.0 = Debug|Any CPU
		{85EDB464-5F4A-4DB7-8453-4FF5C81C7849}.Release|Any CPU.ActiveCfg = Release|Any CPU
		{85EDB464-5F4A-4DB7-8453-4FF5C81C7849}.Release|Any CPU.Build.0 = Release|Any CPU
	EndGlobalSection
	GlobalSection(SolutionProperties) = preSolution
		HideSolutionNode = FALSE
	EndGlobalSection
	GlobalSection(ExtensibilityGlobals) = postSolution
		SolutionGuid = {8A7C3629-8225-4B4E-B278-3DD421425B76}
	EndGlobalSection
EndGlobal
