
Microsoft Visual Studio Solution File, Format Version 12.00
# Visual Studio Version 17
VisualStudioVersion = 17.13.35825.156 d17.13
MinimumVisualStudioVersion = 10.0.40219.1
Project("{FAE04EC0-301F-11D3-BF4B-00C04F79EFBC}") = "Class03-04", "Class03-04.csproj", "{927A834C-50A6-4917-87A2-D91A3071D5C5}"
EndProject
Global
	GlobalSection(SolutionConfigurationPlatforms) = preSolution
		Debug|Any CPU = Debug|Any CPU
		Release|Any CPU = Release|Any CPU
	EndGlobalSection
	GlobalSection(ProjectConfigurationPlatforms) = postSolution
		{927A834C-50A6-4917-87A2-D91A3071D5C5}.Debug|Any CPU.ActiveCfg = Debug|Any CPU
		{927A834C-50A6-4917-87A2-D91A3071D5C5}.Debug|Any CPU.Build.0 = Debug|Any CPU
		{927A834C-50A6-4917-87A2-D91A3071D5C5}.Release|Any CPU.ActiveCfg = Release|Any CPU
		{927A834C-50A6-4917-87A2-D91A3071D5C5}.Release|Any CPU.Build.0 = Release|Any CPU
	EndGlobalSection
	GlobalSection(SolutionProperties) = preSolution
		HideSolutionNode = FALSE
	EndGlobalSection
	GlobalSection(ExtensibilityGlobals) = postSolution
		SolutionGuid = {10EA10D0-EBC4-472B-B69C-AB37C7EEA017}
	EndGlobalSection
EndGlobal
